# This file was autogenerated by Stack.
# You should not edit this file by hand.
# For more information, please see the documentation at:
#   https://docs.haskellstack.org/en/stable/lock_files

packages:
- completed:
    hackage: sdl2-2.5.2.0@sha256:917ddb3c8421e8e6f9caaa4b143d485e797c9053de9fabee4ac87c873cffeb01,11303
    pantry-tree:
      size: 6571
      sha256: 751a3d9763f74d6b5e7c956bd8a25e20f7443bce69d0c7dda0421d89616e3b2a
  original:
    hackage: sdl2-2.5.2.0
- completed:
    hackage: autoapply-0.4@sha256:7994ce8cce493af1cbb565895c9466f4ea0ee43bc3690ce3937858243d8efaa3,2030
    pantry-tree:
      size: 421
      sha256: e272baf499260922def8bd3264a25684d978b52add89cffd3ecaef1d26c61431
  original:
    hackage: autoapply-0.4
- completed:
    hackage: th-desugar-1.11@sha256:573a176b4642c1ad1f40eef76ad2bfc6bdafe3e5d162f7a6bb08132488cc5496,3577
    pantry-tree:
      size: 1675
      sha256: 46a588945b5e13c5e2a6aba6aad06df029602c3c6ff7ffa2e9f4cdb4e566b24a
  original:
    hackage: th-desugar-1.11
- completed:
    hackage: resourcet-1.2.4@sha256:1dbd6b3fdd91ab693e7d0d7389c1c482b3fef3df18b552bd23da8e16018f5047,1655
    pantry-tree:
      size: 647
      sha256: f4e5267be4f1d5a4779b1d8dd74b74ce139464bf98859cc57eeb196b50819064
  original:
    hackage: resourcet-1.2.4
- completed:
    hackage: pretty-simple-3.3.0.0@sha256:c74f9c3c7234daddddfe2f0567adaced9c40e7c72c24abc3224fc2dcb5a350a2,4137
    pantry-tree:
      size: 1406
      sha256: 62cf97761c85ae877d91bfe06dd62be1de846be7b821a28f11e0922b3d4eff38
  original:
    hackage: pretty-simple-3.3.0.0
- completed:
    hackage: primitive-unlifted-1.0.0.0@sha256:16c3f149cf2fb3da64a43ffd0020d78a198454baded3a7f7f49a59397eea5770,2293
    pantry-tree:
      size: 1719
      sha256: 0ca7abed459d0240ee880bc52d957e35ca01017313ea94b5d026fc1842aba93c
  original:
    hackage: primitive-unlifted-1.0.0.0
- completed:
    hackage: dependent-map-0.4.0.0@sha256:ca2b131046f4340a1c35d138c5a003fe4a5be96b14efc26291ed35fd08c62221,1657
    pantry-tree:
      size: 551
      sha256: 5defa30010904d2ad05a036f3eaf83793506717c93cbeb599f40db1a3632cfc5
  original:
    hackage: dependent-map-0.4.0.0
- completed:
    hackage: dependent-sum-0.7.1.0@sha256:5599aa89637db434431b1dd3fa7c34bc3d565ee44f0519bfbc877be1927c2531,2068
    pantry-tree:
      size: 290
      sha256: 9cbfb32b5a8a782b7a1c941803fd517633cb699159b851c1d82267a9e9391b50
  original:
    hackage: dependent-sum-0.7.1.0
- completed:
    hackage: constraints-extras-0.3.0.2@sha256:013b8d0392582c6ca068e226718a4fe8be8e22321cc0634f6115505bf377ad26,1853
    pantry-tree:
      size: 594
      sha256: 3ce1012bfb02e4d7def9df19ce80b8cd2b472c691b25b181d9960638673fecd1
  original:
    hackage: constraints-extras-0.3.0.2
- completed:
    hackage: derive-storable-0.3.0.0@sha256:819332e8dd666ec88dab17e3aca0cffced197c1a560f5a003789a9372e7f07f1,2299
    pantry-tree:
      size: 901
      sha256: daa96c321b4d81aac6c28d621aaf67681017fe4d277b3b713930e7dd8bfeb53e
  original:
    hackage: derive-storable-0.3.0.0
- completed:
    hackage: derive-storable-plugin-0.2.3.3@sha256:5e6fda22fc834d717c40b31b8a5110d0644176c4bf92f8f62481f50067531719,2787
    pantry-tree:
      size: 1408
      sha256: 1bb72b68bf4a590acbbb27523125a4f543e4b094ae8f6d930147ef683d2173d2
  original:
    hackage: derive-storable-plugin-0.2.3.3
- completed:
    hackage: nothunks-0.1.2@sha256:ec366664bb611ba8ce3a48aee626804039ea53517de7788b8705c76be0dcfa72,2235
    pantry-tree:
      size: 342
      sha256: 14422b7789f33fd838bfec9c1c7af152dc211c9633db22d310ac579e84e4afb3
  original:
    hackage: nothunks-0.1.2
snapshots:
- completed:
    size: 553330
    url: https://raw.githubusercontent.com/commercialhaskell/stackage-snapshots/master/nightly/2020/11/20.yaml
    sha256: 66f82b230aee7c604b9d49849b2bb57b972934badea4992a2f90ee23fdb1c73c
  original: nightly-2020-11-20
